// !$*UTF8*$!
{
	archiveVersion = 1;
	classes = {
	};
	objectVersion = 48;
	objects = {

/* Begin PBXBuildFile section */
		D71C2B042133988D00E944FD /* GPSTransfer.h in Headers */ = {isa = PBXBuildFile; fileRef = D71C2B032133988D00E944FD /* GPSTransfer.h */; settings = {ATTRIBUTES = (Public, ); }; };
		D71C2B072133CD1B00E944FD /* GPSequence.h in Headers */ = {isa = PBXBuildFile; fileRef = D71C2B052133CD1B00E944FD /* GPSequence.h */; settings = {ATTRIBUTES = (Public, ); }; };
		D71C2B082133CD1B00E944FD /* GPSequence.m in Sources */ = {isa = PBXBuildFile; fileRef = D71C2B062133CD1B00E944FD /* GPSequence.m */; };
		D71C2B092133D01000E944FD /* GPMarcoDefine.h in Headers */ = {isa = PBXBuildFile; fileRef = D71C2B02213396D700E944FD /* GPMarcoDefine.h */; settings = {ATTRIBUTES = (Public, ); }; };
		D7479B542134F6A300BED924 /* NSObject+GPDealloc.h in Headers */ = {isa = PBXBuildFile; fileRef = D7479B522134F6A300BED924 /* NSObject+GPDealloc.h */; settings = {ATTRIBUTES = (Public, ); }; };
		D7479B552134F6A300BED924 /* NSObject+GPDealloc.m in Sources */ = {isa = PBXBuildFile; fileRef = D7479B532134F6A300BED924 /* NSObject+GPDealloc.m */; };
		D7479B582134FB0400BED924 /* GPSequence+Operations.h in Headers */ = {isa = PBXBuildFile; fileRef = D7479B562134FB0400BED924 /* GPSequence+Operations.h */; settings = {ATTRIBUTES = (Public, ); }; };
		D7479B592134FB0400BED924 /* GPSequence+Operations.m in Sources */ = {isa = PBXBuildFile; fileRef = D7479B572134FB0400BED924 /* GPSequence+Operations.m */; };
		D7479B5C2134FC3E00BED924 /* GPSUsefulBlocks.h in Headers */ = {isa = PBXBuildFile; fileRef = D7479B5A2134FC3E00BED924 /* GPSUsefulBlocks.h */; settings = {ATTRIBUTES = (Public, ); }; };
		D7479B5D2134FC3E00BED924 /* GPSUsefulBlocks.m in Sources */ = {isa = PBXBuildFile; fileRef = D7479B5B2134FC3E00BED924 /* GPSUsefulBlocks.m */; };
		D7479B662135454D00BED924 /* GPSArray.h in Headers */ = {isa = PBXBuildFile; fileRef = D7479B642135454D00BED924 /* GPSArray.h */; settings = {ATTRIBUTES = (Public, ); }; };
		D7479B672135454D00BED924 /* GPSArray.m in Sources */ = {isa = PBXBuildFile; fileRef = D7479B652135454D00BED924 /* GPSArray.m */; };
		D7729DF1213408DF00D8E5C8 /* GPSEnumerator.h in Headers */ = {isa = PBXBuildFile; fileRef = D7729DEF213408DF00D8E5C8 /* GPSEnumerator.h */; settings = {ATTRIBUTES = (Public, ); }; };
		D7729DF2213408DF00D8E5C8 /* GPSEnumerator.m in Sources */ = {isa = PBXBuildFile; fileRef = D7729DF0213408DF00D8E5C8 /* GPSEnumerator.m */; };
		D7729DF72134E38700D8E5C8 /* GPSWeakReference.h in Headers */ = {isa = PBXBuildFile; fileRef = D7729DF52134E38700D8E5C8 /* GPSWeakReference.h */; settings = {ATTRIBUTES = (Public, ); }; };
		D7729DF82134E38700D8E5C8 /* GPSWeakReference.m in Sources */ = {isa = PBXBuildFile; fileRef = D7729DF62134E38700D8E5C8 /* GPSWeakReference.m */; };
		D7BF206F21356F390026B1D5 /* GPSOrderedSet.h in Headers */ = {isa = PBXBuildFile; fileRef = D7BF206D21356F390026B1D5 /* GPSOrderedSet.h */; settings = {ATTRIBUTES = (Public, ); }; };
		D7BF207021356F390026B1D5 /* GPSOrderedSet.m in Sources */ = {isa = PBXBuildFile; fileRef = D7BF206E21356F390026B1D5 /* GPSOrderedSet.m */; };
		D7BF207321357AAE0026B1D5 /* GPSQueue.h in Headers */ = {isa = PBXBuildFile; fileRef = D7BF207121357AAE0026B1D5 /* GPSQueue.h */; settings = {ATTRIBUTES = (Public, ); }; };
		D7BF207421357AAE0026B1D5 /* GPSQueue.m in Sources */ = {isa = PBXBuildFile; fileRef = D7BF207221357AAE0026B1D5 /* GPSQueue.m */; };
		D7BF2077213690B20026B1D5 /* GPSWeakArray.h in Headers */ = {isa = PBXBuildFile; fileRef = D7BF2075213690B20026B1D5 /* GPSWeakArray.h */; };
		D7BF2078213690B20026B1D5 /* GPSWeakArray.m in Sources */ = {isa = PBXBuildFile; fileRef = D7BF2076213690B20026B1D5 /* GPSWeakArray.m */; };
		D7DC5E3321369ED500E29B60 /* GPSWeakOrderedSet.h in Headers */ = {isa = PBXBuildFile; fileRef = D7DC5E3121369ED500E29B60 /* GPSWeakOrderedSet.h */; };
		D7DC5E3421369ED500E29B60 /* GPSWeakOrderedSet.m in Sources */ = {isa = PBXBuildFile; fileRef = D7DC5E3221369ED500E29B60 /* GPSWeakOrderedSet.m */; };
		D7F75801212AE2EE006C9641 /* GrapeSequence.h in Headers */ = {isa = PBXBuildFile; fileRef = D7F757FB212ADDA0006C9641 /* GrapeSequence.h */; settings = {ATTRIBUTES = (Public, ); }; };
		D7F75802212AE2F0006C9641 /* GPBlockDefine.h in Headers */ = {isa = PBXBuildFile; fileRef = D7F757FC212AE1FA006C9641 /* GPBlockDefine.h */; settings = {ATTRIBUTES = (Public, ); }; };
		F44454C762A0E4530916E0A1 /* libPods-GrapeSequence.a in Frameworks */ = {isa = PBXBuildFile; fileRef = 13D63FAC8B869825183CC1C9 /* libPods-GrapeSequence.a */; };
/* End PBXBuildFile section */

/* Begin PBXFileReference section */
		13D63FAC8B869825183CC1C9 /* libPods-GrapeSequence.a */ = {isa = PBXFileReference; explicitFileType = archive.ar; includeInIndex = 0; path = "libPods-GrapeSequence.a"; sourceTree = BUILT_PRODUCTS_DIR; };
		169BBE7AEC9260E2E9546081 /* Pods-GPSequence.debug.xcconfig */ = {isa = PBXFileReference; includeInIndex = 1; lastKnownFileType = text.xcconfig; name = "Pods-GPSequence.debug.xcconfig"; path = "../Pods/Target Support Files/Pods-GPSequence/Pods-GPSequence.debug.xcconfig"; sourceTree = "<group>"; };
		66067D3516118A6CD4024362 /* Pods-GPSequence.release.xcconfig */ = {isa = PBXFileReference; includeInIndex = 1; lastKnownFileType = text.xcconfig; name = "Pods-GPSequence.release.xcconfig"; path = "../Pods/Target Support Files/Pods-GPSequence/Pods-GPSequence.release.xcconfig"; sourceTree = "<group>"; };
		76058F79C9B082DA33B63F67 /* Pods-GrapeSequence.debug.xcconfig */ = {isa = PBXFileReference; includeInIndex = 1; lastKnownFileType = text.xcconfig; name = "Pods-GrapeSequence.debug.xcconfig"; path = "../Pods/Target Support Files/Pods-GrapeSequence/Pods-GrapeSequence.debug.xcconfig"; sourceTree = "<group>"; };
		B2E71CF244ABED936E460887 /* libPods-GPSequence.a */ = {isa = PBXFileReference; explicitFileType = archive.ar; includeInIndex = 0; path = "libPods-GPSequence.a"; sourceTree = BUILT_PRODUCTS_DIR; };
		BCD037F8449264915A96A15B /* Pods-GrapeSequence.release.xcconfig */ = {isa = PBXFileReference; includeInIndex = 1; lastKnownFileType = text.xcconfig; name = "Pods-GrapeSequence.release.xcconfig"; path = "../Pods/Target Support Files/Pods-GrapeSequence/Pods-GrapeSequence.release.xcconfig"; sourceTree = "<group>"; };
		D71C2B02213396D700E944FD /* GPMarcoDefine.h */ = {isa = PBXFileReference; lastKnownFileType = sourcecode.c.h; path = GPMarcoDefine.h; sourceTree = "<group>"; };
		D71C2B032133988D00E944FD /* GPSTransfer.h */ = {isa = PBXFileReference; lastKnownFileType = sourcecode.c.h; path = GPSTransfer.h; sourceTree = "<group>"; };
		D71C2B052133CD1B00E944FD /* GPSequence.h */ = {isa = PBXFileReference; lastKnownFileType = sourcecode.c.h; path = GPSequence.h; sourceTree = "<group>"; };
		D71C2B062133CD1B00E944FD /* GPSequence.m */ = {isa = PBXFileReference; lastKnownFileType = sourcecode.c.objc; path = GPSequence.m; sourceTree = "<group>"; };
		D7479B522134F6A300BED924 /* NSObject+GPDealloc.h */ = {isa = PBXFileReference; lastKnownFileType = sourcecode.c.h; path = "NSObject+GPDealloc.h"; sourceTree = "<group>"; };
		D7479B532134F6A300BED924 /* NSObject+GPDealloc.m */ = {isa = PBXFileReference; lastKnownFileType = sourcecode.c.objc; path = "NSObject+GPDealloc.m"; sourceTree = "<group>"; };
		D7479B562134FB0400BED924 /* GPSequence+Operations.h */ = {isa = PBXFileReference; lastKnownFileType = sourcecode.c.h; path = "GPSequence+Operations.h"; sourceTree = "<group>"; };
		D7479B572134FB0400BED924 /* GPSequence+Operations.m */ = {isa = PBXFileReference; lastKnownFileType = sourcecode.c.objc; path = "GPSequence+Operations.m"; sourceTree = "<group>"; };
		D7479B5A2134FC3E00BED924 /* GPSUsefulBlocks.h */ = {isa = PBXFileReference; lastKnownFileType = sourcecode.c.h; path = GPSUsefulBlocks.h; sourceTree = "<group>"; };
		D7479B5B2134FC3E00BED924 /* GPSUsefulBlocks.m */ = {isa = PBXFileReference; lastKnownFileType = sourcecode.c.objc; path = GPSUsefulBlocks.m; sourceTree = "<group>"; };
		D7479B642135454D00BED924 /* GPSArray.h */ = {isa = PBXFileReference; lastKnownFileType = sourcecode.c.h; path = GPSArray.h; sourceTree = "<group>"; };
		D7479B652135454D00BED924 /* GPSArray.m */ = {isa = PBXFileReference; lastKnownFileType = sourcecode.c.objc; path = GPSArray.m; sourceTree = "<group>"; };
		D7729DEF213408DF00D8E5C8 /* GPSEnumerator.h */ = {isa = PBXFileReference; fileEncoding = 4; lastKnownFileType = sourcecode.c.h; path = GPSEnumerator.h; sourceTree = "<group>"; };
		D7729DF0213408DF00D8E5C8 /* GPSEnumerator.m */ = {isa = PBXFileReference; fileEncoding = 4; lastKnownFileType = sourcecode.c.objc; path = GPSEnumerator.m; sourceTree = "<group>"; };
		D7729DF52134E38700D8E5C8 /* GPSWeakReference.h */ = {isa = PBXFileReference; lastKnownFileType = sourcecode.c.h; path = GPSWeakReference.h; sourceTree = "<group>"; };
		D7729DF62134E38700D8E5C8 /* GPSWeakReference.m */ = {isa = PBXFileReference; lastKnownFileType = sourcecode.c.objc; path = GPSWeakReference.m; sourceTree = "<group>"; };
		D7BF206D21356F390026B1D5 /* GPSOrderedSet.h */ = {isa = PBXFileReference; lastKnownFileType = sourcecode.c.h; path = GPSOrderedSet.h; sourceTree = "<group>"; };
		D7BF206E21356F390026B1D5 /* GPSOrderedSet.m */ = {isa = PBXFileReference; lastKnownFileType = sourcecode.c.objc; path = GPSOrderedSet.m; sourceTree = "<group>"; };
		D7BF207121357AAE0026B1D5 /* GPSQueue.h */ = {isa = PBXFileReference; lastKnownFileType = sourcecode.c.h; path = GPSQueue.h; sourceTree = "<group>"; };
		D7BF207221357AAE0026B1D5 /* GPSQueue.m */ = {isa = PBXFileReference; lastKnownFileType = sourcecode.c.objc; path = GPSQueue.m; sourceTree = "<group>"; };
		D7BF2075213690B20026B1D5 /* GPSWeakArray.h */ = {isa = PBXFileReference; lastKnownFileType = sourcecode.c.h; path = GPSWeakArray.h; sourceTree = "<group>"; };
		D7BF2076213690B20026B1D5 /* GPSWeakArray.m */ = {isa = PBXFileReference; lastKnownFileType = sourcecode.c.objc; path = GPSWeakArray.m; sourceTree = "<group>"; };
		D7DC5E3121369ED500E29B60 /* GPSWeakOrderedSet.h */ = {isa = PBXFileReference; lastKnownFileType = sourcecode.c.h; path = GPSWeakOrderedSet.h; sourceTree = "<group>"; };
		D7DC5E3221369ED500E29B60 /* GPSWeakOrderedSet.m */ = {isa = PBXFileReference; lastKnownFileType = sourcecode.c.objc; path = GPSWeakOrderedSet.m; sourceTree = "<group>"; };
		D7F757CE212ABE60006C9641 /* GrapeSequence.framework */ = {isa = PBXFileReference; explicitFileType = wrapper.framework; includeInIndex = 0; path = GrapeSequence.framework; sourceTree = BUILT_PRODUCTS_DIR; };
		D7F757D3212ABE60006C9641 /* Info.plist */ = {isa = PBXFileReference; lastKnownFileType = text.plist.xml; path = Info.plist; sourceTree = "<group>"; };
		D7F757FB212ADDA0006C9641 /* GrapeSequence.h */ = {isa = PBXFileReference; lastKnownFileType = sourcecode.c.h; path = GrapeSequence.h; sourceTree = "<group>"; };
		D7F757FC212AE1FA006C9641 /* GPBlockDefine.h */ = {isa = PBXFileReference; lastKnownFileType = sourcecode.c.h; path = GPBlockDefine.h; sourceTree = "<group>"; };
/* End PBXFileReference section */

/* Begin PBXFrameworksBuildPhase section */
		D7F757C9212ABE60006C9641 /* Frameworks */ = {
			isa = PBXFrameworksBuildPhase;
			buildActionMask = 2147483647;
			files = (
				F44454C762A0E4530916E0A1 /* libPods-GrapeSequence.a in Frameworks */,
			);
			runOnlyForDeploymentPostprocessing = 0;
		};
/* End PBXFrameworksBuildPhase section */

/* Begin PBXGroup section */
		42422B20A20A591A9E7A85E5 /* Pods */ = {
			isa = PBXGroup;
			children = (
				169BBE7AEC9260E2E9546081 /* Pods-GPSequence.debug.xcconfig */,
				66067D3516118A6CD4024362 /* Pods-GPSequence.release.xcconfig */,
				76058F79C9B082DA33B63F67 /* Pods-GrapeSequence.debug.xcconfig */,
				BCD037F8449264915A96A15B /* Pods-GrapeSequence.release.xcconfig */,
			);
			name = Pods;
			sourceTree = "<group>";
		};
		7FA94EDA66EC2F4CD0F8C826 /* Frameworks */ = {
			isa = PBXGroup;
			children = (
				B2E71CF244ABED936E460887 /* libPods-GPSequence.a */,
				13D63FAC8B869825183CC1C9 /* libPods-GrapeSequence.a */,
			);
			name = Frameworks;
			sourceTree = "<group>";
		};
		D7479B632135452700BED924 /* SequenceExtension */ = {
			isa = PBXGroup;
			children = (
				D7BF207121357AAE0026B1D5 /* GPSQueue.h */,
				D7BF207221357AAE0026B1D5 /* GPSQueue.m */,
				D7479B642135454D00BED924 /* GPSArray.h */,
				D7479B652135454D00BED924 /* GPSArray.m */,
				D7BF2075213690B20026B1D5 /* GPSWeakArray.h */,
				D7BF2076213690B20026B1D5 /* GPSWeakArray.m */,
				D7BF206D21356F390026B1D5 /* GPSOrderedSet.h */,
				D7BF206E21356F390026B1D5 /* GPSOrderedSet.m */,
				D7DC5E3121369ED500E29B60 /* GPSWeakOrderedSet.h */,
				D7DC5E3221369ED500E29B60 /* GPSWeakOrderedSet.m */,
			);
			path = SequenceExtension;
			sourceTree = "<group>";
		};
		D7729DEC213406C100D8E5C8 /* Defines */ = {
			isa = PBXGroup;
			children = (
				D7F757FC212AE1FA006C9641 /* GPBlockDefine.h */,
				D71C2B02213396D700E944FD /* GPMarcoDefine.h */,
			);
			path = Defines;
			sourceTree = "<group>";
		};
		D7729DED213406E700D8E5C8 /* Transfer */ = {
			isa = PBXGroup;
			children = (
				D71C2B032133988D00E944FD /* GPSTransfer.h */,
			);
			path = Transfer;
			sourceTree = "<group>";
		};
		D7729DEE2134071000D8E5C8 /* Enumerator */ = {
			isa = PBXGroup;
			children = (
				D7729DEF213408DF00D8E5C8 /* GPSEnumerator.h */,
				D7729DF0213408DF00D8E5C8 /* GPSEnumerator.m */,
			);
			path = Enumerator;
			sourceTree = "<group>";
		};
		D7729DF32134092B00D8E5C8 /* Sequence */ = {
			isa = PBXGroup;
			children = (
				D71C2B052133CD1B00E944FD /* GPSequence.h */,
				D71C2B062133CD1B00E944FD /* GPSequence.m */,
				D7479B562134FB0400BED924 /* GPSequence+Operations.h */,
				D7479B572134FB0400BED924 /* GPSequence+Operations.m */,
			);
			path = Sequence;
			sourceTree = "<group>";
		};
		D7729DF42134E37400D8E5C8 /* Utility */ = {
			isa = PBXGroup;
			children = (
				D7729DF52134E38700D8E5C8 /* GPSWeakReference.h */,
				D7729DF62134E38700D8E5C8 /* GPSWeakReference.m */,
				D7479B522134F6A300BED924 /* NSObject+GPDealloc.h */,
				D7479B532134F6A300BED924 /* NSObject+GPDealloc.m */,
				D7479B5A2134FC3E00BED924 /* GPSUsefulBlocks.h */,
				D7479B5B2134FC3E00BED924 /* GPSUsefulBlocks.m */,
			);
			path = Utility;
			sourceTree = "<group>";
		};
		D7F757C3212ABE60006C9641 = {
			isa = PBXGroup;
			children = (
				D7F757D0212ABE60006C9641 /* GPSequence */,
				D7F757CF212ABE60006C9641 /* Products */,
				42422B20A20A591A9E7A85E5 /* Pods */,
				7FA94EDA66EC2F4CD0F8C826 /* Frameworks */,
			);
			sourceTree = "<group>";
		};
		D7F757CF212ABE60006C9641 /* Products */ = {
			isa = PBXGroup;
			children = (
				D7F757CE212ABE60006C9641 /* GrapeSequence.framework */,
			);
			name = Products;
			sourceTree = "<group>";
		};
		D7F757D0212ABE60006C9641 /* GPSequence */ = {
			isa = PBXGroup;
			children = (
				D7F757D3212ABE60006C9641 /* Info.plist */,
				D7F757FB212ADDA0006C9641 /* GrapeSequence.h */,
				D7729DF42134E37400D8E5C8 /* Utility */,
				D7729DF32134092B00D8E5C8 /* Sequence */,
				D7479B632135452700BED924 /* SequenceExtension */,
				D7729DEE2134071000D8E5C8 /* Enumerator */,
				D7729DED213406E700D8E5C8 /* Transfer */,
				D7729DEC213406C100D8E5C8 /* Defines */,
			);
			path = GPSequence;
			sourceTree = "<group>";
		};
/* End PBXGroup section */

/* Begin PBXHeadersBuildPhase section */
		D7F757CA212ABE60006C9641 /* Headers */ = {
			isa = PBXHeadersBuildPhase;
			buildActionMask = 2147483647;
			files = (
				D7479B662135454D00BED924 /* GPSArray.h in Headers */,
				D7BF206F21356F390026B1D5 /* GPSOrderedSet.h in Headers */,
				D7479B542134F6A300BED924 /* NSObject+GPDealloc.h in Headers */,
				D7BF2077213690B20026B1D5 /* GPSWeakArray.h in Headers */,
				D7479B5C2134FC3E00BED924 /* GPSUsefulBlocks.h in Headers */,
				D7479B582134FB0400BED924 /* GPSequence+Operations.h in Headers */,
				D7DC5E3321369ED500E29B60 /* GPSWeakOrderedSet.h in Headers */,
				D71C2B092133D01000E944FD /* GPMarcoDefine.h in Headers */,
				D7729DF72134E38700D8E5C8 /* GPSWeakReference.h in Headers */,
				D7F75801212AE2EE006C9641 /* GrapeSequence.h in Headers */,
				D7BF207321357AAE0026B1D5 /* GPSQueue.h in Headers */,
				D7729DF1213408DF00D8E5C8 /* GPSEnumerator.h in Headers */,
				D7F75802212AE2F0006C9641 /* GPBlockDefine.h in Headers */,
				D71C2B072133CD1B00E944FD /* GPSequence.h in Headers */,
				D71C2B042133988D00E944FD /* GPSTransfer.h in Headers */,
			);
			runOnlyForDeploymentPostprocessing = 0;
		};
		D7F757CC212ABE60006C9641 /* Headers */ = {
			isa = PBXHeadersBuildPhase;
			buildActionMask = 2147483647;
			files = (
			);
			runOnlyForDeploymentPostprocessing = 0;
		};
/* End PBXHeadersBuildPhase section */

/* Begin PBXNativeTarget section */
		D7F757CD212ABE60006C9641 /* GrapeSequence */ = {
			isa = PBXNativeTarget;
			buildConfigurationList = D7F757D6212ABE60006C9641 /* Build configuration list for PBXNativeTarget "GrapeSequence" */;
			buildPhases = (
				25CBEFC5F6E567ED37BF6995 /* [CP] Check Pods Manifest.lock */,
				D7F757C8212ABE60006C9641 /* Sources */,
				D7F757C9212ABE60006C9641 /* Frameworks */,
				D7F757CA212ABE60006C9641 /* Headers */,
				D7F757CB212ABE60006C9641 /* Resources */,
				D7F757CC212ABE60006C9641 /* Headers */,
			);
			buildRules = (
			);
			dependencies = (
			);
			name = GrapeSequence;
			productName = GPSequence;
			productReference = D7F757CE212ABE60006C9641 /* GrapeSequence.framework */;
			productType = "com.apple.product-type.framework";
		};
/* End PBXNativeTarget section */

/* Begin PBXProject section */
		D7F757C4212ABE60006C9641 /* Project object */ = {
			isa = PBXProject;
			attributes = {
				LastUpgradeCheck = 0920;
				ORGANIZATIONNAME = Liyanwei;
				TargetAttributes = {
					D7F757CD212ABE60006C9641 = {
						CreatedOnToolsVersion = 9.2;
						ProvisioningStyle = Automatic;
					};
				};
			};
			buildConfigurationList = D7F757C7212ABE60006C9641 /* Build configuration list for PBXProject "GrapeSequence" */;
			compatibilityVersion = "Xcode 8.0";
			developmentRegion = en;
			hasScannedForEncodings = 0;
			knownRegions = (
				en,
			);
			mainGroup = D7F757C3212ABE60006C9641;
			productRefGroup = D7F757CF212ABE60006C9641 /* Products */;
			projectDirPath = "";
			projectRoot = "";
			targets = (
				D7F757CD212ABE60006C9641 /* GrapeSequence */,
			);
		};
/* End PBXProject section */

/* Begin PBXResourcesBuildPhase section */
		D7F757CB212ABE60006C9641 /* Resources */ = {
			isa = PBXResourcesBuildPhase;
			buildActionMask = 2147483647;
			files = (
			);
			runOnlyForDeploymentPostprocessing = 0;
		};
/* End PBXResourcesBuildPhase section */

/* Begin PBXShellScriptBuildPhase section */
		25CBEFC5F6E567ED37BF6995 /* [CP] Check Pods Manifest.lock */ = {
			isa = PBXShellScriptBuildPhase;
			buildActionMask = 2147483647;
			files = (
			);
			inputPaths = (
				"${PODS_PODFILE_DIR_PATH}/Podfile.lock",
				"${PODS_ROOT}/Manifest.lock",
			);
			name = "[CP] Check Pods Manifest.lock";
			outputPaths = (
				"$(DERIVED_FILE_DIR)/Pods-GrapeSequence-checkManifestLockResult.txt",
			);
			runOnlyForDeploymentPostprocessing = 0;
			shellPath = /bin/sh;
			shellScript = "diff \"${PODS_PODFILE_DIR_PATH}/Podfile.lock\" \"${PODS_ROOT}/Manifest.lock\" > /dev/null\nif [ $? != 0 ] ; then\n    # print error to STDERR\n    echo \"error: The sandbox is not in sync with the Podfile.lock. Run 'pod install' or update your CocoaPods installation.\" >&2\n    exit 1\nfi\n# This output is used by Xcode 'outputs' to avoid re-running this script phase.\necho \"SUCCESS\" > \"${SCRIPT_OUTPUT_FILE_0}\"\n";
			showEnvVarsInLog = 0;
		};
/* End PBXShellScriptBuildPhase section */

/* Begin PBXSourcesBuildPhase section */
		D7F757C8212ABE60006C9641 /* Sources */ = {
			isa = PBXSourcesBuildPhase;
			buildActionMask = 2147483647;
			files = (
				D7479B672135454D00BED924 /* GPSArray.m in Sources */,
				D7BF207421357AAE0026B1D5 /* GPSQueue.m in Sources */,
				D7729DF82134E38700D8E5C8 /* GPSWeakReference.m in Sources */,
				D7479B552134F6A300BED924 /* NSObject+GPDealloc.m in Sources */,
				D7DC5E3421369ED500E29B60 /* GPSWeakOrderedSet.m in Sources */,
				D7479B5D2134FC3E00BED924 /* GPSUsefulBlocks.m in Sources */,
				D7729DF2213408DF00D8E5C8 /* GPSEnumerator.m in Sources */,
				D7BF207021356F390026B1D5 /* GPSOrderedSet.m in Sources */,
				D7479B592134FB0400BED924 /* GPSequence+Operations.m in Sources */,
				D7BF2078213690B20026B1D5 /* GPSWeakArray.m in Sources */,
				D71C2B082133CD1B00E944FD /* GPSequence.m in Sources */,
			);
			runOnlyForDeploymentPostprocessing = 0;
		};
/* End PBXSourcesBuildPhase section */

/* Begin XCBuildConfiguration section */
		D7F757D4212ABE60006C9641 /* Debug */ = {
			isa = XCBuildConfiguration;
			buildSettings = {
				ALWAYS_SEARCH_USER_PATHS = NO;
				CLANG_ANALYZER_NONNULL = YES;
				CLANG_ANALYZER_NUMBER_OBJECT_CONVERSION = YES_AGGRESSIVE;
				CLANG_CXX_LANGUAGE_STANDARD = "gnu++14";
				CLANG_CXX_LIBRARY = "libc++";
				CLANG_ENABLE_MODULES = YES;
				CLANG_ENABLE_OBJC_ARC = YES;
				CLANG_WARN_BLOCK_CAPTURE_AUTORELEASING = YES;
				CLANG_WARN_BOOL_CONVERSION = YES;
				CLANG_WARN_COMMA = YES;
				CLANG_WARN_CONSTANT_CONVERSION = YES;
				CLANG_WARN_DIRECT_OBJC_ISA_USAGE = YES_ERROR;
				CLANG_WARN_DOCUMENTATION_COMMENTS = YES;
				CLANG_WARN_EMPTY_BODY = YES;
				CLANG_WARN_ENUM_CONVERSION = YES;
				CLANG_WARN_INFINITE_RECURSION = YES;
				CLANG_WARN_INT_CONVERSION = YES;
				CLANG_WARN_NON_LITERAL_NULL_CONVERSION = YES;
				CLANG_WARN_OBJC_LITERAL_CONVERSION = YES;
				CLANG_WARN_OBJC_ROOT_CLASS = YES_ERROR;
				CLANG_WARN_RANGE_LOOP_ANALYSIS = YES;
				CLANG_WARN_STRICT_PROTOTYPES = YES;
				CLANG_WARN_SUSPICIOUS_MOVE = YES;
				CLANG_WARN_UNGUARDED_AVAILABILITY = YES_AGGRESSIVE;
				CLANG_WARN_UNREACHABLE_CODE = YES;
				CLANG_WARN__DUPLICATE_METHOD_MATCH = YES;
				CODE_SIGN_IDENTITY = "iPhone Developer";
				COPY_PHASE_STRIP = NO;
				CURRENT_PROJECT_VERSION = 1;
				DEBUG_INFORMATION_FORMAT = dwarf;
				ENABLE_STRICT_OBJC_MSGSEND = YES;
				ENABLE_TESTABILITY = YES;
				FRAMEWORK_SEARCH_PATHS = "$(inherited)";
				GCC_C_LANGUAGE_STANDARD = gnu11;
				GCC_DYNAMIC_NO_PIC = NO;
				GCC_NO_COMMON_BLOCKS = YES;
				GCC_OPTIMIZATION_LEVEL = 0;
				GCC_PREPROCESSOR_DEFINITIONS = (
					"DEBUG=1",
					"$(inherited)",
				);
				GCC_WARN_64_TO_32_BIT_CONVERSION = YES;
				GCC_WARN_ABOUT_RETURN_TYPE = YES_ERROR;
				GCC_WARN_UNDECLARED_SELECTOR = YES;
				GCC_WARN_UNINITIALIZED_AUTOS = YES_AGGRESSIVE;
				GCC_WARN_UNUSED_FUNCTION = YES;
				GCC_WARN_UNUSED_VARIABLE = YES;
				HEADER_SEARCH_PATHS = "$(inherited)";
				IPHONEOS_DEPLOYMENT_TARGET = 11.2;
				LIBRARY_SEARCH_PATHS = "$(inherited)";
				MTL_ENABLE_DEBUG_INFO = YES;
				ONLY_ACTIVE_ARCH = YES;
				OTHER_CFLAGS = "$(inherited)";
				OTHER_LDFLAGS = "$(inherited)";
				SDKROOT = iphoneos;
				TARGETED_DEVICE_FAMILY = "1,2";
				VERSIONING_SYSTEM = "apple-generic";
				VERSION_INFO_PREFIX = "";
			};
			name = Debug;
		};
		D7F757D5212ABE60006C9641 /* Release */ = {
			isa = XCBuildConfiguration;
			buildSettings = {
				ALWAYS_SEARCH_USER_PATHS = NO;
				CLANG_ANALYZER_NONNULL = YES;
				CLANG_ANALYZER_NUMBER_OBJECT_CONVERSION = YES_AGGRESSIVE;
				CLANG_CXX_LANGUAGE_STANDARD = "gnu++14";
				CLANG_CXX_LIBRARY = "libc++";
				CLANG_ENABLE_MODULES = YES;
				CLANG_ENABLE_OBJC_ARC = YES;
				CLANG_WARN_BLOCK_CAPTURE_AUTORELEASING = YES;
				CLANG_WARN_BOOL_CONVERSION = YES;
				CLANG_WARN_COMMA = YES;
				CLANG_WARN_CONSTANT_CONVERSION = YES;
				CLANG_WARN_DIRECT_OBJC_ISA_USAGE = YES_ERROR;
				CLANG_WARN_DOCUMENTATION_COMMENTS = YES;
				CLANG_WARN_EMPTY_BODY = YES;
				CLANG_WARN_ENUM_CONVERSION = YES;
				CLANG_WARN_INFINITE_RECURSION = YES;
				CLANG_WARN_INT_CONVERSION = YES;
				CLANG_WARN_NON_LITERAL_NULL_CONVERSION = YES;
				CLANG_WARN_OBJC_LITERAL_CONVERSION = YES;
				CLANG_WARN_OBJC_ROOT_CLASS = YES_ERROR;
				CLANG_WARN_RANGE_LOOP_ANALYSIS = YES;
				CLANG_WARN_STRICT_PROTOTYPES = YES;
				CLANG_WARN_SUSPICIOUS_MOVE = YES;
				CLANG_WARN_UNGUARDED_AVAILABILITY = YES_AGGRESSIVE;
				CLANG_WARN_UNREACHABLE_CODE = YES;
				CLANG_WARN__DUPLICATE_METHOD_MATCH = YES;
				CODE_SIGN_IDENTITY = "iPhone Developer";
				COPY_PHASE_STRIP = NO;
				CURRENT_PROJECT_VERSION = 1;
				DEBUG_INFORMATION_FORMAT = "dwarf-with-dsym";
				ENABLE_NS_ASSERTIONS = NO;
				ENABLE_STRICT_OBJC_MSGSEND = YES;
				FRAMEWORK_SEARCH_PATHS = "$(inherited)";
				GCC_C_LANGUAGE_STANDARD = gnu11;
				GCC_NO_COMMON_BLOCKS = YES;
				GCC_WARN_64_TO_32_BIT_CONVERSION = YES;
				GCC_WARN_ABOUT_RETURN_TYPE = YES_ERROR;
				GCC_WARN_UNDECLARED_SELECTOR = YES;
				GCC_WARN_UNINITIALIZED_AUTOS = YES_AGGRESSIVE;
				GCC_WARN_UNUSED_FUNCTION = YES;
				GCC_WARN_UNUSED_VARIABLE = YES;
				HEADER_SEARCH_PATHS = "$(inherited)";
				IPHONEOS_DEPLOYMENT_TARGET = 11.2;
				LIBRARY_SEARCH_PATHS = "$(inherited)";
				MTL_ENABLE_DEBUG_INFO = NO;
				OTHER_CFLAGS = "$(inherited)";
				OTHER_LDFLAGS = "$(inherited)";
				SDKROOT = iphoneos;
				TARGETED_DEVICE_FAMILY = "1,2";
				VALIDATE_PRODUCT = YES;
				VERSIONING_SYSTEM = "apple-generic";
				VERSION_INFO_PREFIX = "";
			};
			name = Release;
		};
		D7F757D7212ABE60006C9641 /* Debug */ = {
			isa = XCBuildConfiguration;
			baseConfigurationReference = 76058F79C9B082DA33B63F67 /* Pods-GrapeSequence.debug.xcconfig */;
			buildSettings = {
				CODE_SIGNING_ALLOWED = NO;
				CODE_SIGNING_REQUIRED = NO;
				CODE_SIGN_IDENTITY = "";
				CODE_SIGN_STYLE = Automatic;
				DEFINES_MODULE = YES;
				DEVELOPMENT_TEAM = V49Y6Y2SC7;
				DYLIB_COMPATIBILITY_VERSION = 1;
				DYLIB_CURRENT_VERSION = 1;
				DYLIB_INSTALL_NAME_BASE = "@rpath";
				EXPANDED_CODE_SIGN_IDENTITY = "";
				INFOPLIST_FILE = GPSequence/Info.plist;
				INFOPLIST_PATH = "$(FULL_PRODUCT_NAME)/Info.plist";
				INSTALL_PATH = "$(LOCAL_LIBRARY_DIR)/Frameworks";
				LD_RUNPATH_SEARCH_PATHS = "$(inherited) @executable_path/Frameworks @loader_path/Frameworks";
				MACH_O_TYPE = staticlib;
				OTHER_CFLAGS = "$(inherited)";
				OTHER_LDFLAGS = "$(inherited)";
				PRODUCT_BUNDLE_IDENTIFIER = com.aligames.GPSequence;
				PRODUCT_NAME = GrapeSequence;
				SKIP_INSTALL = YES;
				TARGETED_DEVICE_FAMILY = "1,2";
				UNLOCALIZED_RESOURCES_FOLDER_PATH = "$(FULL_PRODUCT_NAME)/Resources";
			};
			name = Debug;
		};
		D7F757D8212ABE60006C9641 /* Release */ = {
			isa = XCBuildConfiguration;
			baseConfigurationReference = BCD037F8449264915A96A15B /* Pods-GrapeSequence.release.xcconfig */;
			buildSettings = {
				CODE_SIGNING_ALLOWED = NO;
				CODE_SIGNING_REQUIRED = NO;
				CODE_SIGN_IDENTITY = "";
				CODE_SIGN_STYLE = Automatic;
				DEFINES_MODULE = YES;
				DEVELOPMENT_TEAM = V49Y6Y2SC7;
				DYLIB_COMPATIBILITY_VERSION = 1;
				DYLIB_CURRENT_VERSION = 1;
				DYLIB_INSTALL_NAME_BASE = "@rpath";
				EXPANDED_CODE_SIGN_IDENTITY = "";
				INFOPLIST_FILE = GPSequence/Info.plist;
				INFOPLIST_PATH = "$(FULL_PRODUCT_NAME)/Info.plist";
				INSTALL_PATH = "$(LOCAL_LIBRARY_DIR)/Frameworks";
				LD_RUNPATH_SEARCH_PATHS = "$(inherited) @executable_path/Frameworks @loader_path/Frameworks";
				MACH_O_TYPE = staticlib;
				OTHER_CFLAGS = "$(inherited)";
				OTHER_LDFLAGS = "$(inherited)";
				PRODUCT_BUNDLE_IDENTIFIER = com.aligames.GPSequence;
				PRODUCT_NAME = GrapeSequence;
				SKIP_INSTALL = YES;
				TARGETED_DEVICE_FAMILY = "1,2";
				UNLOCALIZED_RESOURCES_FOLDER_PATH = "$(FULL_PRODUCT_NAME)/Resources";
			};
			name = Release;
		};
/* End XCBuildConfiguration section */

/* Begin XCConfigurationList section */
		D7F757C7212ABE60006C9641 /* Build configuration list for PBXProject "GrapeSequence" */ = {
			isa = XCConfigurationList;
			buildConfigurations = (
				D7F757D4212ABE60006C9641 /* Debug */,
				D7F757D5212ABE60006C9641 /* Release */,
			);
			defaultConfigurationIsVisible = 0;
			defaultConfigurationName = Release;
		};
		D7F757D6212ABE60006C9641 /* Build configuration list for PBXNativeTarget "GrapeSequence" */ = {
			isa = XCConfigurationList;
			buildConfigurations = (
				D7F757D7212ABE60006C9641 /* Debug */,
				D7F757D8212ABE60006C9641 /* Release */,
			);
			defaultConfigurationIsVisible = 0;
			defaultConfigurationName = Release;
		};
/* End XCConfigurationList section */
	};
	rootObject = D7F757C4212ABE60006C9641 /* Project object */;
}
