// !$*UTF8*$!
{
	archiveVersion = 1;
	classes = {
	};
	objectVersion = 48;
	objects = {

/* Begin PBXBuildFile section */
		576237AFFB0E1194B0815A94 /* libPods-GPSequence.a in Frameworks */ = {isa = PBXBuildFile; fileRef = B2E71CF244ABED936E460887 /* libPods-GPSequence.a */; };
		D71C2B042133988D00E944FD /* GPSTransfer.h in Headers */ = {isa = PBXBuildFile; fileRef = D71C2B032133988D00E944FD /* GPSTransfer.h */; settings = {ATTRIBUTES = (Public, ); }; };
		D71C2B072133CD1B00E944FD /* GPSequence.h in Headers */ = {isa = PBXBuildFile; fileRef = D71C2B052133CD1B00E944FD /* GPSequence.h */; settings = {ATTRIBUTES = (Public, ); }; };
		D71C2B082133CD1B00E944FD /* GPSequence.m in Sources */ = {isa = PBXBuildFile; fileRef = D71C2B062133CD1B00E944FD /* GPSequence.m */; };
		D71C2B092133D01000E944FD /* GPMarcoDefine.h in Headers */ = {isa = PBXBuildFile; fileRef = D71C2B02213396D700E944FD /* GPMarcoDefine.h */; settings = {ATTRIBUTES = (Private, ); }; };
		D7F757FF212AE29F006C9641 /* GPSEnumerator.h in Headers */ = {isa = PBXBuildFile; fileRef = D7F757FD212AE29F006C9641 /* GPSEnumerator.h */; settings = {ATTRIBUTES = (Public, ); }; };
		D7F75800212AE29F006C9641 /* GPSEnumerator.m in Sources */ = {isa = PBXBuildFile; fileRef = D7F757FE212AE29F006C9641 /* GPSEnumerator.m */; };
		D7F75801212AE2EE006C9641 /* GrapeSequence.h in Headers */ = {isa = PBXBuildFile; fileRef = D7F757FB212ADDA0006C9641 /* GrapeSequence.h */; settings = {ATTRIBUTES = (Public, ); }; };
		D7F75802212AE2F0006C9641 /* GPBlockDefine.h in Headers */ = {isa = PBXBuildFile; fileRef = D7F757FC212AE1FA006C9641 /* GPBlockDefine.h */; settings = {ATTRIBUTES = (Public, ); }; };
/* End PBXBuildFile section */

/* Begin PBXFileReference section */
		169BBE7AEC9260E2E9546081 /* Pods-GPSequence.debug.xcconfig */ = {isa = PBXFileReference; includeInIndex = 1; lastKnownFileType = text.xcconfig; name = "Pods-GPSequence.debug.xcconfig"; path = "../Pods/Target Support Files/Pods-GPSequence/Pods-GPSequence.debug.xcconfig"; sourceTree = "<group>"; };
		66067D3516118A6CD4024362 /* Pods-GPSequence.release.xcconfig */ = {isa = PBXFileReference; includeInIndex = 1; lastKnownFileType = text.xcconfig; name = "Pods-GPSequence.release.xcconfig"; path = "../Pods/Target Support Files/Pods-GPSequence/Pods-GPSequence.release.xcconfig"; sourceTree = "<group>"; };
		B2E71CF244ABED936E460887 /* libPods-GPSequence.a */ = {isa = PBXFileReference; explicitFileType = archive.ar; includeInIndex = 0; path = "libPods-GPSequence.a"; sourceTree = BUILT_PRODUCTS_DIR; };
		D71C2B02213396D700E944FD /* GPMarcoDefine.h */ = {isa = PBXFileReference; lastKnownFileType = sourcecode.c.h; path = GPMarcoDefine.h; sourceTree = "<group>"; };
		D71C2B032133988D00E944FD /* GPSTransfer.h */ = {isa = PBXFileReference; lastKnownFileType = sourcecode.c.h; path = GPSTransfer.h; sourceTree = "<group>"; };
		D71C2B052133CD1B00E944FD /* GPSequence.h */ = {isa = PBXFileReference; lastKnownFileType = sourcecode.c.h; path = GPSequence.h; sourceTree = "<group>"; };
		D71C2B062133CD1B00E944FD /* GPSequence.m */ = {isa = PBXFileReference; lastKnownFileType = sourcecode.c.objc; path = GPSequence.m; sourceTree = "<group>"; };
		D7F757CE212ABE60006C9641 /* GrapeSequence.framework */ = {isa = PBXFileReference; explicitFileType = wrapper.framework; includeInIndex = 0; path = GrapeSequence.framework; sourceTree = BUILT_PRODUCTS_DIR; };
		D7F757D3212ABE60006C9641 /* Info.plist */ = {isa = PBXFileReference; lastKnownFileType = text.plist.xml; path = Info.plist; sourceTree = "<group>"; };
		D7F757FB212ADDA0006C9641 /* GrapeSequence.h */ = {isa = PBXFileReference; lastKnownFileType = sourcecode.c.h; path = GrapeSequence.h; sourceTree = "<group>"; };
		D7F757FC212AE1FA006C9641 /* GPBlockDefine.h */ = {isa = PBXFileReference; lastKnownFileType = sourcecode.c.h; path = GPBlockDefine.h; sourceTree = "<group>"; };
		D7F757FD212AE29F006C9641 /* GPSEnumerator.h */ = {isa = PBXFileReference; lastKnownFileType = sourcecode.c.h; path = GPSEnumerator.h; sourceTree = "<group>"; };
		D7F757FE212AE29F006C9641 /* GPSEnumerator.m */ = {isa = PBXFileReference; lastKnownFileType = sourcecode.c.objc; path = GPSEnumerator.m; sourceTree = "<group>"; };
/* End PBXFileReference section */

/* Begin PBXFrameworksBuildPhase section */
		D7F757C9212ABE60006C9641 /* Frameworks */ = {
			isa = PBXFrameworksBuildPhase;
			buildActionMask = 2147483647;
			files = (
				576237AFFB0E1194B0815A94 /* libPods-GPSequence.a in Frameworks */,
			);
			runOnlyForDeploymentPostprocessing = 0;
		};
/* End PBXFrameworksBuildPhase section */

/* Begin PBXGroup section */
		42422B20A20A591A9E7A85E5 /* Pods */ = {
			isa = PBXGroup;
			children = (
				169BBE7AEC9260E2E9546081 /* Pods-GPSequence.debug.xcconfig */,
				66067D3516118A6CD4024362 /* Pods-GPSequence.release.xcconfig */,
			);
			name = Pods;
			sourceTree = "<group>";
		};
		7FA94EDA66EC2F4CD0F8C826 /* Frameworks */ = {
			isa = PBXGroup;
			children = (
				B2E71CF244ABED936E460887 /* libPods-GPSequence.a */,
			);
			name = Frameworks;
			sourceTree = "<group>";
		};
		D7F757C3212ABE60006C9641 = {
			isa = PBXGroup;
			children = (
				D7F757D0212ABE60006C9641 /* GPSequence */,
				D7F757CF212ABE60006C9641 /* Products */,
				42422B20A20A591A9E7A85E5 /* Pods */,
				7FA94EDA66EC2F4CD0F8C826 /* Frameworks */,
			);
			sourceTree = "<group>";
		};
		D7F757CF212ABE60006C9641 /* Products */ = {
			isa = PBXGroup;
			children = (
				D7F757CE212ABE60006C9641 /* GrapeSequence.framework */,
			);
			name = Products;
			sourceTree = "<group>";
		};
		D7F757D0212ABE60006C9641 /* GPSequence */ = {
			isa = PBXGroup;
			children = (
				D7F757D3212ABE60006C9641 /* Info.plist */,
				D7F757FB212ADDA0006C9641 /* GrapeSequence.h */,
				D71C2B032133988D00E944FD /* GPSTransfer.h */,
				D7F757FC212AE1FA006C9641 /* GPBlockDefine.h */,
				D71C2B02213396D700E944FD /* GPMarcoDefine.h */,
				D7F757FD212AE29F006C9641 /* GPSEnumerator.h */,
				D7F757FE212AE29F006C9641 /* GPSEnumerator.m */,
				D71C2B052133CD1B00E944FD /* GPSequence.h */,
				D71C2B062133CD1B00E944FD /* GPSequence.m */,
			);
			path = GPSequence;
			sourceTree = "<group>";
		};
/* End PBXGroup section */

/* Begin PBXHeadersBuildPhase section */
		D7F757CA212ABE60006C9641 /* Headers */ = {
			isa = PBXHeadersBuildPhase;
			buildActionMask = 2147483647;
			files = (
				D7F75801212AE2EE006C9641 /* GrapeSequence.h in Headers */,
				D7F75802212AE2F0006C9641 /* GPBlockDefine.h in Headers */,
				D71C2B072133CD1B00E944FD /* GPSequence.h in Headers */,
				D71C2B042133988D00E944FD /* GPSTransfer.h in Headers */,
				D7F757FF212AE29F006C9641 /* GPSEnumerator.h in Headers */,
				D71C2B092133D01000E944FD /* GPMarcoDefine.h in Headers */,
			);
			runOnlyForDeploymentPostprocessing = 0;
		};
		D7F757CC212ABE60006C9641 /* Headers */ = {
			isa = PBXHeadersBuildPhase;
			buildActionMask = 2147483647;
			files = (
			);
			runOnlyForDeploymentPostprocessing = 0;
		};
/* End PBXHeadersBuildPhase section */

/* Begin PBXNativeTarget section */
		D7F757CD212ABE60006C9641 /* GrapeSequence */ = {
			isa = PBXNativeTarget;
			buildConfigurationList = D7F757D6212ABE60006C9641 /* Build configuration list for PBXNativeTarget "GrapeSequence" */;
			buildPhases = (
				25CBEFC5F6E567ED37BF6995 /* [CP] Check Pods Manifest.lock */,
				D7F757C8212ABE60006C9641 /* Sources */,
				D7F757C9212ABE60006C9641 /* Frameworks */,
				D7F757CA212ABE60006C9641 /* Headers */,
				D7F757CB212ABE60006C9641 /* Resources */,
				D7F757CC212ABE60006C9641 /* Headers */,
			);
			buildRules = (
			);
			dependencies = (
			);
			name = GrapeSequence;
			productName = GPSequence;
			productReference = D7F757CE212ABE60006C9641 /* GrapeSequence.framework */;
			productType = "com.apple.product-type.framework";
		};
/* End PBXNativeTarget section */

/* Begin PBXProject section */
		D7F757C4212ABE60006C9641 /* Project object */ = {
			isa = PBXProject;
			attributes = {
				LastUpgradeCheck = 0920;
				ORGANIZATIONNAME = Liyanwei;
				TargetAttributes = {
					D7F757CD212ABE60006C9641 = {
						CreatedOnToolsVersion = 9.2;
						ProvisioningStyle = Automatic;
					};
				};
			};
			buildConfigurationList = D7F757C7212ABE60006C9641 /* Build configuration list for PBXProject "GrapeSequence" */;
			compatibilityVersion = "Xcode 8.0";
			developmentRegion = en;
			hasScannedForEncodings = 0;
			knownRegions = (
				en,
			);
			mainGroup = D7F757C3212ABE60006C9641;
			productRefGroup = D7F757CF212ABE60006C9641 /* Products */;
			projectDirPath = "";
			projectRoot = "";
			targets = (
				D7F757CD212ABE60006C9641 /* GrapeSequence */,
			);
		};
/* End PBXProject section */

/* Begin PBXResourcesBuildPhase section */
		D7F757CB212ABE60006C9641 /* Resources */ = {
			isa = PBXResourcesBuildPhase;
			buildActionMask = 2147483647;
			files = (
			);
			runOnlyForDeploymentPostprocessing = 0;
		};
/* End PBXResourcesBuildPhase section */

/* Begin PBXShellScriptBuildPhase section */
		25CBEFC5F6E567ED37BF6995 /* [CP] Check Pods Manifest.lock */ = {
			isa = PBXShellScriptBuildPhase;
			buildActionMask = 2147483647;
			files = (
			);
			inputPaths = (
				"${PODS_PODFILE_DIR_PATH}/Podfile.lock",
				"${PODS_ROOT}/Manifest.lock",
			);
			name = "[CP] Check Pods Manifest.lock";
			outputPaths = (
				"$(DERIVED_FILE_DIR)/Pods-GPSequence-checkManifestLockResult.txt",
			);
			runOnlyForDeploymentPostprocessing = 0;
			shellPath = /bin/sh;
			shellScript = "diff \"${PODS_PODFILE_DIR_PATH}/Podfile.lock\" \"${PODS_ROOT}/Manifest.lock\" > /dev/null\nif [ $? != 0 ] ; then\n    # print error to STDERR\n    echo \"error: The sandbox is not in sync with the Podfile.lock. Run 'pod install' or update your CocoaPods installation.\" >&2\n    exit 1\nfi\n# This output is used by Xcode 'outputs' to avoid re-running this script phase.\necho \"SUCCESS\" > \"${SCRIPT_OUTPUT_FILE_0}\"\n";
			showEnvVarsInLog = 0;
		};
/* End PBXShellScriptBuildPhase section */

/* Begin PBXSourcesBuildPhase section */
		D7F757C8212ABE60006C9641 /* Sources */ = {
			isa = PBXSourcesBuildPhase;
			buildActionMask = 2147483647;
			files = (
				D71C2B082133CD1B00E944FD /* GPSequence.m in Sources */,
				D7F75800212AE29F006C9641 /* GPSEnumerator.m in Sources */,
			);
			runOnlyForDeploymentPostprocessing = 0;
		};
/* End PBXSourcesBuildPhase section */

/* Begin XCBuildConfiguration section */
		D7F757D4212ABE60006C9641 /* Debug */ = {
			isa = XCBuildConfiguration;
			buildSettings = {
				ALWAYS_SEARCH_USER_PATHS = NO;
				CLANG_ANALYZER_NONNULL = YES;
				CLANG_ANALYZER_NUMBER_OBJECT_CONVERSION = YES_AGGRESSIVE;
				CLANG_CXX_LANGUAGE_STANDARD = "gnu++14";
				CLANG_CXX_LIBRARY = "libc++";
				CLANG_ENABLE_MODULES = YES;
				CLANG_ENABLE_OBJC_ARC = YES;
				CLANG_WARN_BLOCK_CAPTURE_AUTORELEASING = YES;
				CLANG_WARN_BOOL_CONVERSION = YES;
				CLANG_WARN_COMMA = YES;
				CLANG_WARN_CONSTANT_CONVERSION = YES;
				CLANG_WARN_DIRECT_OBJC_ISA_USAGE = YES_ERROR;
				CLANG_WARN_DOCUMENTATION_COMMENTS = YES;
				CLANG_WARN_EMPTY_BODY = YES;
				CLANG_WARN_ENUM_CONVERSION = YES;
				CLANG_WARN_INFINITE_RECURSION = YES;
				CLANG_WARN_INT_CONVERSION = YES;
				CLANG_WARN_NON_LITERAL_NULL_CONVERSION = YES;
				CLANG_WARN_OBJC_LITERAL_CONVERSION = YES;
				CLANG_WARN_OBJC_ROOT_CLASS = YES_ERROR;
				CLANG_WARN_RANGE_LOOP_ANALYSIS = YES;
				CLANG_WARN_STRICT_PROTOTYPES = YES;
				CLANG_WARN_SUSPICIOUS_MOVE = YES;
				CLANG_WARN_UNGUARDED_AVAILABILITY = YES_AGGRESSIVE;
				CLANG_WARN_UNREACHABLE_CODE = YES;
				CLANG_WARN__DUPLICATE_METHOD_MATCH = YES;
				CODE_SIGN_IDENTITY = "iPhone Developer";
				COPY_PHASE_STRIP = NO;
				CURRENT_PROJECT_VERSION = 1;
				DEBUG_INFORMATION_FORMAT = dwarf;
				ENABLE_STRICT_OBJC_MSGSEND = YES;
				ENABLE_TESTABILITY = YES;
				FRAMEWORK_SEARCH_PATHS = "$(inherited)";
				GCC_C_LANGUAGE_STANDARD = gnu11;
				GCC_DYNAMIC_NO_PIC = NO;
				GCC_NO_COMMON_BLOCKS = YES;
				GCC_OPTIMIZATION_LEVEL = 0;
				GCC_PREPROCESSOR_DEFINITIONS = (
					"DEBUG=1",
					"$(inherited)",
				);
				GCC_WARN_64_TO_32_BIT_CONVERSION = YES;
				GCC_WARN_ABOUT_RETURN_TYPE = YES_ERROR;
				GCC_WARN_UNDECLARED_SELECTOR = YES;
				GCC_WARN_UNINITIALIZED_AUTOS = YES_AGGRESSIVE;
				GCC_WARN_UNUSED_FUNCTION = YES;
				GCC_WARN_UNUSED_VARIABLE = YES;
				HEADER_SEARCH_PATHS = "$(inherited)";
				IPHONEOS_DEPLOYMENT_TARGET = 11.2;
				LIBRARY_SEARCH_PATHS = "$(inherited)";
				MTL_ENABLE_DEBUG_INFO = YES;
				ONLY_ACTIVE_ARCH = YES;
				OTHER_CFLAGS = "$(inherited)";
				OTHER_LDFLAGS = "$(inherited)";
				SDKROOT = iphoneos;
				TARGETED_DEVICE_FAMILY = "1,2";
				VERSIONING_SYSTEM = "apple-generic";
				VERSION_INFO_PREFIX = "";
			};
			name = Debug;
		};
		D7F757D5212ABE60006C9641 /* Release */ = {
			isa = XCBuildConfiguration;
			buildSettings = {
				ALWAYS_SEARCH_USER_PATHS = NO;
				CLANG_ANALYZER_NONNULL = YES;
				CLANG_ANALYZER_NUMBER_OBJECT_CONVERSION = YES_AGGRESSIVE;
				CLANG_CXX_LANGUAGE_STANDARD = "gnu++14";
				CLANG_CXX_LIBRARY = "libc++";
				CLANG_ENABLE_MODULES = YES;
				CLANG_ENABLE_OBJC_ARC = YES;
				CLANG_WARN_BLOCK_CAPTURE_AUTORELEASING = YES;
				CLANG_WARN_BOOL_CONVERSION = YES;
				CLANG_WARN_COMMA = YES;
				CLANG_WARN_CONSTANT_CONVERSION = YES;
				CLANG_WARN_DIRECT_OBJC_ISA_USAGE = YES_ERROR;
				CLANG_WARN_DOCUMENTATION_COMMENTS = YES;
				CLANG_WARN_EMPTY_BODY = YES;
				CLANG_WARN_ENUM_CONVERSION = YES;
				CLANG_WARN_INFINITE_RECURSION = YES;
				CLANG_WARN_INT_CONVERSION = YES;
				CLANG_WARN_NON_LITERAL_NULL_CONVERSION = YES;
				CLANG_WARN_OBJC_LITERAL_CONVERSION = YES;
				CLANG_WARN_OBJC_ROOT_CLASS = YES_ERROR;
				CLANG_WARN_RANGE_LOOP_ANALYSIS = YES;
				CLANG_WARN_STRICT_PROTOTYPES = YES;
				CLANG_WARN_SUSPICIOUS_MOVE = YES;
				CLANG_WARN_UNGUARDED_AVAILABILITY = YES_AGGRESSIVE;
				CLANG_WARN_UNREACHABLE_CODE = YES;
				CLANG_WARN__DUPLICATE_METHOD_MATCH = YES;
				CODE_SIGN_IDENTITY = "iPhone Developer";
				COPY_PHASE_STRIP = NO;
				CURRENT_PROJECT_VERSION = 1;
				DEBUG_INFORMATION_FORMAT = "dwarf-with-dsym";
				ENABLE_NS_ASSERTIONS = NO;
				ENABLE_STRICT_OBJC_MSGSEND = YES;
				FRAMEWORK_SEARCH_PATHS = "$(inherited)";
				GCC_C_LANGUAGE_STANDARD = gnu11;
				GCC_NO_COMMON_BLOCKS = YES;
				GCC_WARN_64_TO_32_BIT_CONVERSION = YES;
				GCC_WARN_ABOUT_RETURN_TYPE = YES_ERROR;
				GCC_WARN_UNDECLARED_SELECTOR = YES;
				GCC_WARN_UNINITIALIZED_AUTOS = YES_AGGRESSIVE;
				GCC_WARN_UNUSED_FUNCTION = YES;
				GCC_WARN_UNUSED_VARIABLE = YES;
				HEADER_SEARCH_PATHS = "$(inherited)";
				IPHONEOS_DEPLOYMENT_TARGET = 11.2;
				LIBRARY_SEARCH_PATHS = "$(inherited)";
				MTL_ENABLE_DEBUG_INFO = NO;
				OTHER_CFLAGS = "$(inherited)";
				OTHER_LDFLAGS = "$(inherited)";
				SDKROOT = iphoneos;
				TARGETED_DEVICE_FAMILY = "1,2";
				VALIDATE_PRODUCT = YES;
				VERSIONING_SYSTEM = "apple-generic";
				VERSION_INFO_PREFIX = "";
			};
			name = Release;
		};
		D7F757D7212ABE60006C9641 /* Debug */ = {
			isa = XCBuildConfiguration;
			baseConfigurationReference = 169BBE7AEC9260E2E9546081 /* Pods-GPSequence.debug.xcconfig */;
			buildSettings = {
				CODE_SIGNING_ALLOWED = NO;
				CODE_SIGNING_REQUIRED = NO;
				CODE_SIGN_IDENTITY = "";
				CODE_SIGN_STYLE = Automatic;
				DEFINES_MODULE = YES;
				DEVELOPMENT_TEAM = V49Y6Y2SC7;
				DYLIB_COMPATIBILITY_VERSION = 1;
				DYLIB_CURRENT_VERSION = 1;
				DYLIB_INSTALL_NAME_BASE = "@rpath";
				EXPANDED_CODE_SIGN_IDENTITY = "";
				INFOPLIST_FILE = GPSequence/Info.plist;
				INFOPLIST_PATH = "$(FULL_PRODUCT_NAME)/Info.plist";
				INSTALL_PATH = "$(LOCAL_LIBRARY_DIR)/Frameworks";
				LD_RUNPATH_SEARCH_PATHS = "$(inherited) @executable_path/Frameworks @loader_path/Frameworks";
				MACH_O_TYPE = staticlib;
				OTHER_CFLAGS = "$(inherited)";
				OTHER_LDFLAGS = "$(inherited)";
				PRODUCT_BUNDLE_IDENTIFIER = com.aligames.GPSequence;
				PRODUCT_NAME = GrapeSequence;
				SKIP_INSTALL = YES;
				TARGETED_DEVICE_FAMILY = "1,2";
				UNLOCALIZED_RESOURCES_FOLDER_PATH = "$(FULL_PRODUCT_NAME)/Resources";
			};
			name = Debug;
		};
		D7F757D8212ABE60006C9641 /* Release */ = {
			isa = XCBuildConfiguration;
			baseConfigurationReference = 66067D3516118A6CD4024362 /* Pods-GPSequence.release.xcconfig */;
			buildSettings = {
				CODE_SIGNING_ALLOWED = NO;
				CODE_SIGNING_REQUIRED = NO;
				CODE_SIGN_IDENTITY = "";
				CODE_SIGN_STYLE = Automatic;
				DEFINES_MODULE = YES;
				DEVELOPMENT_TEAM = V49Y6Y2SC7;
				DYLIB_COMPATIBILITY_VERSION = 1;
				DYLIB_CURRENT_VERSION = 1;
				DYLIB_INSTALL_NAME_BASE = "@rpath";
				EXPANDED_CODE_SIGN_IDENTITY = "";
				INFOPLIST_FILE = GPSequence/Info.plist;
				INFOPLIST_PATH = "$(FULL_PRODUCT_NAME)/Info.plist";
				INSTALL_PATH = "$(LOCAL_LIBRARY_DIR)/Frameworks";
				LD_RUNPATH_SEARCH_PATHS = "$(inherited) @executable_path/Frameworks @loader_path/Frameworks";
				MACH_O_TYPE = staticlib;
				OTHER_CFLAGS = "$(inherited)";
				OTHER_LDFLAGS = "$(inherited)";
				PRODUCT_BUNDLE_IDENTIFIER = com.aligames.GPSequence;
				PRODUCT_NAME = GrapeSequence;
				SKIP_INSTALL = YES;
				TARGETED_DEVICE_FAMILY = "1,2";
				UNLOCALIZED_RESOURCES_FOLDER_PATH = "$(FULL_PRODUCT_NAME)/Resources";
			};
			name = Release;
		};
/* End XCBuildConfiguration section */

/* Begin XCConfigurationList section */
		D7F757C7212ABE60006C9641 /* Build configuration list for PBXProject "GrapeSequence" */ = {
			isa = XCConfigurationList;
			buildConfigurations = (
				D7F757D4212ABE60006C9641 /* Debug */,
				D7F757D5212ABE60006C9641 /* Release */,
			);
			defaultConfigurationIsVisible = 0;
			defaultConfigurationName = Release;
		};
		D7F757D6212ABE60006C9641 /* Build configuration list for PBXNativeTarget "GrapeSequence" */ = {
			isa = XCConfigurationList;
			buildConfigurations = (
				D7F757D7212ABE60006C9641 /* Debug */,
				D7F757D8212ABE60006C9641 /* Release */,
			);
			defaultConfigurationIsVisible = 0;
			defaultConfigurationName = Release;
		};
/* End XCConfigurationList section */
	};
	rootObject = D7F757C4212ABE60006C9641 /* Project object */;
}
